Microsoft Visual Studio Solution File, Format Version 12.00
# Visual Studio 14
VisualStudioVersion = 14.0.25420.1
MinimumVisualStudioVersion = 10.0.40219.1
Project("{8BC9CEB8-8B4A-11D0-8D11-00A0C91BC942}") = "Chapter2", "Chapter2\Chapter2.vcxproj", "{EBE24F52-830E-401F-BB61-83363EE64F89}"
EndProject
Project("{8BC9CEB8-8B4A-11D0-8D11-00A0C91BC942}") = "Chapter1", "Chapter1\Chapter1.vcxproj", "{46654334-FD57-4220-94A5-306F1E406602}"
EndProject
Project("{8BC9CEB8-8B4A-11D0-8D11-00A0C91BC942}") = "Chapter3", "Chapter3\Chapter3.vcxproj", "{C63CD456-448F-4932-A77B-8C11CCF8409C}"
EndProject
Project("{8BC9CEB8-8B4A-11D0-8D11-00A0C91BC942}") = "Chapter4", "Chapter4\Chapter4.vcxproj", "{0C244D7C-2E05-4334-96BF-90F8F9A0A7DC}"
EndProject
Project("{8BC9CEB8-8B4A-11D0-8D11-00A0C91BC942}") = "Chapter5", "Chapter5\Chapter5.vcxproj", "{64D433F1-B59C-4216-A2AA-7EDF2E1CFD9A}"
EndProject
Project("{8BC9CEB8-8B4A-11D0-8D11-00A0C91BC942}") = "Chapter6", "Chapter6\Chapter6.vcxproj", "{F6810F79-36FE-4A07-80DE-84815A522C52}"
EndProject
Global
	GlobalSection(SolutionConfigurationPlatforms) = preSolution
		Debug|x64 = Debug|x64
		Debug|x86 = Debug|x86
		Release|x64 = Release|x64
		Release|x86 = Release|x86
	EndGlobalSection
	GlobalSection(ProjectConfigurationPlatforms) = postSolution
		{EBE24F52-830E-401F-BB61-83363EE64F89}.Debug|x64.ActiveCfg = Debug|x64
		{EBE24F52-830E-401F-BB61-83363EE64F89}.Debug|x64.Build.0 = Debug|x64
		{EBE24F52-830E-401F-BB61-83363EE64F89}.Debug|x86.ActiveCfg = Debug|Win32
		{EBE24F52-830E-401F-BB61-83363EE64F89}.Debug|x86.Build.0 = Debug|Win32
		{EBE24F52-830E-401F-BB61-83363EE64F89}.Release|x64.ActiveCfg = Release|x64
		{EBE24F52-830E-401F-BB61-83363EE64F89}.Release|x64.Build.0 = Release|x64
		{EBE24F52-830E-401F-BB61-83363EE64F89}.Release|x86.ActiveCfg = Release|Win32
		{EBE24F52-830E-401F-BB61-83363EE64F89}.Release|x86.Build.0 = Release|Win32
		{46654334-FD57-4220-94A5-306F1E406602}.Debug|x64.ActiveCfg = Debug|x64
		{46654334-FD57-4220-94A5-306F1E406602}.Debug|x64.Build.0 = Debug|x64
		{46654334-FD57-4220-94A5-306F1E406602}.Debug|x86.ActiveCfg = Debug|Win32
		{46654334-FD57-4220-94A5-306F1E406602}.Debug|x86.Build.0 = Debug|Win32
		{46654334-FD57-4220-94A5-306F1E406602}.Release|x64.ActiveCfg = Release|x64
		{46654334-FD57-4220-94A5-306F1E406602}.Release|x64.Build.0 = Release|x64
		{46654334-FD57-4220-94A5-306F1E406602}.Release|x86.ActiveCfg = Release|Win32
		{46654334-FD57-4220-94A5-306F1E406602}.Release|x86.Build.0 = Release|Win32
		{C63CD456-448F-4932-A77B-8C11CCF8409C}.Debug|x64.ActiveCfg = Debug|x64
		{C63CD456-448F-4932-A77B-8C11CCF8409C}.Debug|x64.Build.0 = Debug|x64
		{C63CD456-448F-4932-A77B-8C11CCF8409C}.Debug|x86.ActiveCfg = Debug|Win32
		{C63CD456-448F-4932-A77B-8C11CCF8409C}.Debug|x86.Build.0 = Debug|Win32
		{C63CD456-448F-4932-A77B-8C11CCF8409C}.Release|x64.ActiveCfg = Release|x64
		{C63CD456-448F-4932-A77B-8C11CCF8409C}.Release|x64.Build.0 = Release|x64
		{C63CD456-448F-4932-A77B-8C11CCF8409C}.Release|x86.ActiveCfg = Release|Win32
		{C63CD456-448F-4932-A77B-8C11CCF8409C}.Release|x86.Build.0 = Release|Win32
		{0C244D7C-2E05-4334-96BF-90F8F9A0A7DC}.Debug|x64.ActiveCfg = Debug|x64
		{0C244D7C-2E05-4334-96BF-90F8F9A0A7DC}.Debug|x64.Build.0 = Debug|x64
		{0C244D7C-2E05-4334-96BF-90F8F9A0A7DC}.Debug|x86.ActiveCfg = Debug|Win32
		{0C244D7C-2E05-4334-96BF-90F8F9A0A7DC}.Debug|x86.Build.0 = Debug|Win32
		{0C244D7C-2E05-4334-96BF-90F8F9A0A7DC}.Release|x64.ActiveCfg = Release|x64
		{0C244D7C-2E05-4334-96BF-90F8F9A0A7DC}.Release|x64.Build.0 = Release|x64
		{0C244D7C-2E05-4334-96BF-90F8F9A0A7DC}.Release|x86.ActiveCfg = Release|Win32
		{0C244D7C-2E05-4334-96BF-90F8F9A0A7DC}.Release|x86.Build.0 = Release|Win32
		{64D433F1-B59C-4216-A2AA-7EDF2E1CFD9A}.Debug|x64.ActiveCfg = Debug|x64
		{64D433F1-B59C-4216-A2AA-7EDF2E1CFD9A}.Debug|x64.Build.0 = Debug|x64
		{64D433F1-B59C-4216-A2AA-7EDF2E1CFD9A}.Debug|x86.ActiveCfg = Debug|Win32
		{64D433F1-B59C-4216-A2AA-7EDF2E1CFD9A}.Debug|x86.Build.0 = Debug|Win32
		{64D433F1-B59C-4216-A2AA-7EDF2E1CFD9A}.Release|x64.ActiveCfg = Release|x64
		{64D433F1-B59C-4216-A2AA-7EDF2E1CFD9A}.Release|x64.Build.0 = Release|x64
		{64D433F1-B59C-4216-A2AA-7EDF2E1CFD9A}.Release|x86.ActiveCfg = Release|Win32
		{64D433F1-B59C-4216-A2AA-7EDF2E1CFD9A}.Release|x86.Build.0 = Release|Win32
		{F6810F79-36FE-4A07-80DE-84815A522C52}.Debug|x64.ActiveCfg = Debug|x64
		{F6810F79-36FE-4A07-80DE-84815A522C52}.Debug|x64.Build.0 = Debug|x64
		{F6810F79-36FE-4A07-80DE-84815A522C52}.Debug|x86.ActiveCfg = Debug|Win32
		{F6810F79-36FE-4A07-80DE-84815A522C52}.Debug|x86.Build.0 = Debug|Win32
		{F6810F79-36FE-4A07-80DE-84815A522C52}.Release|x64.ActiveCfg = Release|x64
		{F6810F79-36FE-4A07-80DE-84815A522C52}.Release|x64.Build.0 = Release|x64
		{F6810F79-36FE-4A07-80DE-84815A522C52}.Release|x86.ActiveCfg = Release|Win32
		{F6810F79-36FE-4A07-80DE-84815A522C52}.Release|x86.Build.0 = Release|Win32
	EndGlobalSection
	GlobalSection(SolutionProperties) = preSolution
		HideSolutionNode = FALSE
	EndGlobalSection
EndGlobal
